// !$*UTF8*$!
{
	archiveVersion = 1;
	classes = {
	};
	objectVersion = 55;
	objects = {

/* Begin PBXBuildFile section */
		796797E327F86DC500E08A58 /* Image.swift in Sources */ = {isa = PBXBuildFile; fileRef = 796797E227F86DC500E08A58 /* Image.swift */; };
		79CC6D7427DF6DF800C44E8C /* AppDelegate.swift in Sources */ = {isa = PBXBuildFile; fileRef = 79CC6D7327DF6DF800C44E8C /* AppDelegate.swift */; };
		79CC6D7627DF6DF800C44E8C /* SceneDelegate.swift in Sources */ = {isa = PBXBuildFile; fileRef = 79CC6D7527DF6DF800C44E8C /* SceneDelegate.swift */; };
		79CC6D7827DF6DF800C44E8C /* ViewController.swift in Sources */ = {isa = PBXBuildFile; fileRef = 79CC6D7727DF6DF800C44E8C /* ViewController.swift */; };
		79CC6D7E27DF6DF800C44E8C /* Furniture_shop.xcdatamodeld in Sources */ = {isa = PBXBuildFile; fileRef = 79CC6D7C27DF6DF800C44E8C /* Furniture_shop.xcdatamodeld */; };
		79CC6D8027DF6DF900C44E8C /* Assets.xcassets in Resources */ = {isa = PBXBuildFile; fileRef = 79CC6D7F27DF6DF900C44E8C /* Assets.xcassets */; };
		79CC6D8327DF6DF900C44E8C /* LaunchScreen.storyboard in Resources */ = {isa = PBXBuildFile; fileRef = 79CC6D8127DF6DF900C44E8C /* LaunchScreen.storyboard */; };
		79EBBAFE27DF71DB00065B56 /* Model.swift in Sources */ = {isa = PBXBuildFile; fileRef = 79EBBAFD27DF71DB00065B56 /* Model.swift */; };
		79EBBB0027DF71E700065B56 /* MockData.swift in Sources */ = {isa = PBXBuildFile; fileRef = 79EBBAFF27DF71E700065B56 /* MockData.swift */; };
		79EBBB0327DF72F100065B56 /* UserDefaults.swift in Sources */ = {isa = PBXBuildFile; fileRef = 79EBBB0227DF72F100065B56 /* UserDefaults.swift */; };
		79EBBB0627DF743100065B56 /* TabBarController.swift in Sources */ = {isa = PBXBuildFile; fileRef = 79EBBB0527DF743100065B56 /* TabBarController.swift */; };
		79EBBB0927DF75C800065B56 /* IntroductionCell.swift in Sources */ = {isa = PBXBuildFile; fileRef = 79EBBB0827DF75C800065B56 /* IntroductionCell.swift */; };
		79EBBB0B27DF97DD00065B56 /* AuthorizationVC.swift in Sources */ = {isa = PBXBuildFile; fileRef = 79EBBB0A27DF97DD00065B56 /* AuthorizationVC.swift */; };
		79EBBB0E27DF9B2E00065B56 /* AppColor.swift in Sources */ = {isa = PBXBuildFile; fileRef = 79EBBB0D27DF9B2E00065B56 /* AppColor.swift */; };
		79EBBB1027DF9E0500065B56 /* TextField.swift in Sources */ = {isa = PBXBuildFile; fileRef = 79EBBB0F27DF9E0500065B56 /* TextField.swift */; };
		79EBBB1227DFA17700065B56 /* Button.swift in Sources */ = {isa = PBXBuildFile; fileRef = 79EBBB1127DFA17700065B56 /* Button.swift */; };
		79EBBB1427DFA23F00065B56 /* CodeConfirmationVC.swift in Sources */ = {isa = PBXBuildFile; fileRef = 79EBBB1327DFA23F00065B56 /* CodeConfirmationVC.swift */; };
		79EBBB1627DFA5AC00065B56 /* MainVC.swift in Sources */ = {isa = PBXBuildFile; fileRef = 79EBBB1527DFA5AC00065B56 /* MainVC.swift */; };
		79EBBB1827DFA74800065B56 /* FavoriteVC.swift in Sources */ = {isa = PBXBuildFile; fileRef = 79EBBB1727DFA74800065B56 /* FavoriteVC.swift */; };
		79EBBB1B27DFA77F00065B56 /* CartVC.swift in Sources */ = {isa = PBXBuildFile; fileRef = 79EBBB1A27DFA77F00065B56 /* CartVC.swift */; };
		79EBBB1D27DFA78B00065B56 /* ProfileVC.swift in Sources */ = {isa = PBXBuildFile; fileRef = 79EBBB1C27DFA78B00065B56 /* ProfileVC.swift */; };
		8AAFA5C6E46E1764909FE779 /* Pods_Furniture_shop.framework in Frameworks */ = {isa = PBXBuildFile; fileRef = 6FFCC5B07A391E5333F0F0BD /* Pods_Furniture_shop.framework */; };
/* End PBXBuildFile section */

/* Begin PBXFileReference section */
		6FFCC5B07A391E5333F0F0BD /* Pods_Furniture_shop.framework */ = {isa = PBXFileReference; explicitFileType = wrapper.framework; includeInIndex = 0; path = Pods_Furniture_shop.framework; sourceTree = BUILT_PRODUCTS_DIR; };
		796797E227F86DC500E08A58 /* Image.swift */ = {isa = PBXFileReference; lastKnownFileType = sourcecode.swift; path = Image.swift; sourceTree = "<group>"; };
		79CC6D7027DF6DF800C44E8C /* Furniture shop.app */ = {isa = PBXFileReference; explicitFileType = wrapper.application; includeInIndex = 0; path = "Furniture shop.app"; sourceTree = BUILT_PRODUCTS_DIR; };
		79CC6D7327DF6DF800C44E8C /* AppDelegate.swift */ = {isa = PBXFileReference; lastKnownFileType = sourcecode.swift; path = AppDelegate.swift; sourceTree = "<group>"; };
		79CC6D7527DF6DF800C44E8C /* SceneDelegate.swift */ = {isa = PBXFileReference; lastKnownFileType = sourcecode.swift; path = SceneDelegate.swift; sourceTree = "<group>"; };
		79CC6D7727DF6DF800C44E8C /* ViewController.swift */ = {isa = PBXFileReference; lastKnownFileType = sourcecode.swift; path = ViewController.swift; sourceTree = "<group>"; };
		79CC6D7D27DF6DF800C44E8C /* Furniture_shop.xcdatamodel */ = {isa = PBXFileReference; lastKnownFileType = wrapper.xcdatamodel; path = Furniture_shop.xcdatamodel; sourceTree = "<group>"; };
		79CC6D7F27DF6DF900C44E8C /* Assets.xcassets */ = {isa = PBXFileReference; lastKnownFileType = folder.assetcatalog; path = Assets.xcassets; sourceTree = "<group>"; };
		79CC6D8227DF6DF900C44E8C /* Base */ = {isa = PBXFileReference; lastKnownFileType = file.storyboard; name = Base; path = Base.lproj/LaunchScreen.storyboard; sourceTree = "<group>"; };
		79CC6D8427DF6DF900C44E8C /* Info.plist */ = {isa = PBXFileReference; lastKnownFileType = text.plist.xml; path = Info.plist; sourceTree = "<group>"; };
		79EBBAFD27DF71DB00065B56 /* Model.swift */ = {isa = PBXFileReference; lastKnownFileType = sourcecode.swift; path = Model.swift; sourceTree = "<group>"; };
		79EBBAFF27DF71E700065B56 /* MockData.swift */ = {isa = PBXFileReference; lastKnownFileType = sourcecode.swift; path = MockData.swift; sourceTree = "<group>"; };
		79EBBB0227DF72F100065B56 /* UserDefaults.swift */ = {isa = PBXFileReference; lastKnownFileType = sourcecode.swift; path = UserDefaults.swift; sourceTree = "<group>"; };
		79EBBB0527DF743100065B56 /* TabBarController.swift */ = {isa = PBXFileReference; lastKnownFileType = sourcecode.swift; path = TabBarController.swift; sourceTree = "<group>"; };
		79EBBB0827DF75C800065B56 /* IntroductionCell.swift */ = {isa = PBXFileReference; lastKnownFileType = sourcecode.swift; path = IntroductionCell.swift; sourceTree = "<group>"; };
		79EBBB0A27DF97DD00065B56 /* AuthorizationVC.swift */ = {isa = PBXFileReference; lastKnownFileType = sourcecode.swift; path = AuthorizationVC.swift; sourceTree = "<group>"; };
		79EBBB0D27DF9B2E00065B56 /* AppColor.swift */ = {isa = PBXFileReference; lastKnownFileType = sourcecode.swift; path = AppColor.swift; sourceTree = "<group>"; };
		79EBBB0F27DF9E0500065B56 /* TextField.swift */ = {isa = PBXFileReference; lastKnownFileType = sourcecode.swift; path = TextField.swift; sourceTree = "<group>"; };
		79EBBB1127DFA17700065B56 /* Button.swift */ = {isa = PBXFileReference; lastKnownFileType = sourcecode.swift; path = Button.swift; sourceTree = "<group>"; };
		79EBBB1327DFA23F00065B56 /* CodeConfirmationVC.swift */ = {isa = PBXFileReference; lastKnownFileType = sourcecode.swift; path = CodeConfirmationVC.swift; sourceTree = "<group>"; };
		79EBBB1527DFA5AC00065B56 /* MainVC.swift */ = {isa = PBXFileReference; lastKnownFileType = sourcecode.swift; path = MainVC.swift; sourceTree = "<group>"; };
		79EBBB1727DFA74800065B56 /* FavoriteVC.swift */ = {isa = PBXFileReference; lastKnownFileType = sourcecode.swift; path = FavoriteVC.swift; sourceTree = "<group>"; };
		79EBBB1A27DFA77F00065B56 /* CartVC.swift */ = {isa = PBXFileReference; lastKnownFileType = sourcecode.swift; path = CartVC.swift; sourceTree = "<group>"; };
		79EBBB1C27DFA78B00065B56 /* ProfileVC.swift */ = {isa = PBXFileReference; lastKnownFileType = sourcecode.swift; path = ProfileVC.swift; sourceTree = "<group>"; };
		9E1628C1C879D1E025F981B5 /* Pods-Furniture shop.debug.xcconfig */ = {isa = PBXFileReference; includeInIndex = 1; lastKnownFileType = text.xcconfig; name = "Pods-Furniture shop.debug.xcconfig"; path = "Target Support Files/Pods-Furniture shop/Pods-Furniture shop.debug.xcconfig"; sourceTree = "<group>"; };
		D7C69689DF4843520FD9C1D1 /* Pods-Furniture shop.release.xcconfig */ = {isa = PBXFileReference; includeInIndex = 1; lastKnownFileType = text.xcconfig; name = "Pods-Furniture shop.release.xcconfig"; path = "Target Support Files/Pods-Furniture shop/Pods-Furniture shop.release.xcconfig"; sourceTree = "<group>"; };
/* End PBXFileReference section */

/* Begin PBXFrameworksBuildPhase section */
		79CC6D6D27DF6DF800C44E8C /* Frameworks */ = {
			isa = PBXFrameworksBuildPhase;
			buildActionMask = 2147483647;
			files = (
				8AAFA5C6E46E1764909FE779 /* Pods_Furniture_shop.framework in Frameworks */,
			);
			runOnlyForDeploymentPostprocessing = 0;
		};
/* End PBXFrameworksBuildPhase section */

/* Begin PBXGroup section */
		54B6ECDD7085AAC89519F7D1 /* Pods */ = {
			isa = PBXGroup;
			children = (
				9E1628C1C879D1E025F981B5 /* Pods-Furniture shop.debug.xcconfig */,
				D7C69689DF4843520FD9C1D1 /* Pods-Furniture shop.release.xcconfig */,
			);
			path = Pods;
			sourceTree = "<group>";
		};
		79CC6D6727DF6DF800C44E8C = {
			isa = PBXGroup;
			children = (
				79CC6D7227DF6DF800C44E8C /* Furniture shop */,
				79CC6D7127DF6DF800C44E8C /* Products */,
				54B6ECDD7085AAC89519F7D1 /* Pods */,
				A8B513D9475D68466150559A /* Frameworks */,
			);
			sourceTree = "<group>";
		};
		79CC6D7127DF6DF800C44E8C /* Products */ = {
			isa = PBXGroup;
			children = (
				79CC6D7027DF6DF800C44E8C /* Furniture shop.app */,
			);
			name = Products;
			sourceTree = "<group>";
		};
		79CC6D7227DF6DF800C44E8C /* Furniture shop */ = {
			isa = PBXGroup;
			children = (
				79EBBB0C27DF9B2100065B56 /* Extension */,
				79EBBB0727DF751000065B56 /* Cell */,
				79EBBB0427DF741E00065B56 /* Pages */,
				79EBBB0127DF72E100065B56 /* Default */,
				79EBBAFC27DF71BA00065B56 /* Model */,
				79EBBAFB27DF716500065B56 /* App */,
				79CC6D7727DF6DF800C44E8C /* ViewController.swift */,
				79CC6D7327DF6DF800C44E8C /* AppDelegate.swift */,
				79CC6D7527DF6DF800C44E8C /* SceneDelegate.swift */,
				79CC6D7F27DF6DF900C44E8C /* Assets.xcassets */,
				79CC6D8127DF6DF900C44E8C /* LaunchScreen.storyboard */,
				79CC6D8427DF6DF900C44E8C /* Info.plist */,
				79CC6D7C27DF6DF800C44E8C /* Furniture_shop.xcdatamodeld */,
			);
			path = "Furniture shop";
			sourceTree = "<group>";
		};
		79EBBAFB27DF716500065B56 /* App */ = {
			isa = PBXGroup;
			children = (
			);
			path = App;
			sourceTree = "<group>";
		};
		79EBBAFC27DF71BA00065B56 /* Model */ = {
			isa = PBXGroup;
			children = (
				79EBBAFD27DF71DB00065B56 /* Model.swift */,
				79EBBAFF27DF71E700065B56 /* MockData.swift */,
			);
			path = Model;
			sourceTree = "<group>";
		};
		79EBBB0127DF72E100065B56 /* Default */ = {
			isa = PBXGroup;
			children = (
				79EBBB0227DF72F100065B56 /* UserDefaults.swift */,
			);
			path = Default;
			sourceTree = "<group>";
		};
		79EBBB0427DF741E00065B56 /* Pages */ = {
			isa = PBXGroup;
			children = (
				79EBBB0527DF743100065B56 /* TabBarController.swift */,
				79EBBB0A27DF97DD00065B56 /* AuthorizationVC.swift */,
				79EBBB1327DFA23F00065B56 /* CodeConfirmationVC.swift */,
				79EBBB1527DFA5AC00065B56 /* MainVC.swift */,
				79EBBB1727DFA74800065B56 /* FavoriteVC.swift */,
				79EBBB1A27DFA77F00065B56 /* CartVC.swift */,
				79EBBB1C27DFA78B00065B56 /* ProfileVC.swift */,
			);
			path = Pages;
			sourceTree = "<group>";
		};
		79EBBB0727DF751000065B56 /* Cell */ = {
			isa = PBXGroup;
			children = (
				79EBBB0827DF75C800065B56 /* IntroductionCell.swift */,
			);
			path = Cell;
			sourceTree = "<group>";
		};
		79EBBB0C27DF9B2100065B56 /* Extension */ = {
			isa = PBXGroup;
			children = (
				79EBBB0D27DF9B2E00065B56 /* AppColor.swift */,
				79EBBB0F27DF9E0500065B56 /* TextField.swift */,
				79EBBB1127DFA17700065B56 /* Button.swift */,
				796797E227F86DC500E08A58 /* Image.swift */,
			);
			path = Extension;
			sourceTree = "<group>";
		};
		A8B513D9475D68466150559A /* Frameworks */ = {
			isa = PBXGroup;
			children = (
				6FFCC5B07A391E5333F0F0BD /* Pods_Furniture_shop.framework */,
			);
			name = Frameworks;
			sourceTree = "<group>";
		};
/* End PBXGroup section */

/* Begin PBXNativeTarget section */
		79CC6D6F27DF6DF800C44E8C /* Furniture shop */ = {
			isa = PBXNativeTarget;
			buildConfigurationList = 79CC6D8727DF6DF900C44E8C /* Build configuration list for PBXNativeTarget "Furniture shop" */;
			buildPhases = (
				2BC347574AC817E40FBA456C /* [CP] Check Pods Manifest.lock */,
				79CC6D6C27DF6DF800C44E8C /* Sources */,
				79CC6D6D27DF6DF800C44E8C /* Frameworks */,
				79CC6D6E27DF6DF800C44E8C /* Resources */,
				0ADE2836655ECB645DCB0170 /* [CP] Embed Pods Frameworks */,
			);
			buildRules = (
			);
			dependencies = (
			);
			name = "Furniture shop";
			productName = "Furniture shop";
			productReference = 79CC6D7027DF6DF800C44E8C /* Furniture shop.app */;
			productType = "com.apple.product-type.application";
		};
/* End PBXNativeTarget section */

/* Begin PBXProject section */
		79CC6D6827DF6DF800C44E8C /* Project object */ = {
			isa = PBXProject;
			attributes = {
				BuildIndependentTargetsInParallel = 1;
				LastSwiftUpdateCheck = 1320;
				LastUpgradeCheck = 1320;
				TargetAttributes = {
					79CC6D6F27DF6DF800C44E8C = {
						CreatedOnToolsVersion = 13.2.1;
					};
				};
			};
			buildConfigurationList = 79CC6D6B27DF6DF800C44E8C /* Build configuration list for PBXProject "Furniture shop" */;
			compatibilityVersion = "Xcode 13.0";
			developmentRegion = en;
			hasScannedForEncodings = 0;
			knownRegions = (
				en,
				Base,
			);
			mainGroup = 79CC6D6727DF6DF800C44E8C;
			productRefGroup = 79CC6D7127DF6DF800C44E8C /* Products */;
			projectDirPath = "";
			projectRoot = "";
			targets = (
				79CC6D6F27DF6DF800C44E8C /* Furniture shop */,
			);
		};
/* End PBXProject section */

/* Begin PBXResourcesBuildPhase section */
		79CC6D6E27DF6DF800C44E8C /* Resources */ = {
			isa = PBXResourcesBuildPhase;
			buildActionMask = 2147483647;
			files = (
				79CC6D8327DF6DF900C44E8C /* LaunchScreen.storyboard in Resources */,
				79CC6D8027DF6DF900C44E8C /* Assets.xcassets in Resources */,
			);
			runOnlyForDeploymentPostprocessing = 0;
		};
/* End PBXResourcesBuildPhase section */

/* Begin PBXShellScriptBuildPhase section */
		0ADE2836655ECB645DCB0170 /* [CP] Embed Pods Frameworks */ = {
			isa = PBXShellScriptBuildPhase;
			buildActionMask = 2147483647;
			files = (
			);
			inputFileListPaths = (
				"${PODS_ROOT}/Target Support Files/Pods-Furniture shop/Pods-Furniture shop-frameworks-${CONFIGURATION}-input-files.xcfilelist",
			);
			name = "[CP] Embed Pods Frameworks";
			outputFileListPaths = (
				"${PODS_ROOT}/Target Support Files/Pods-Furniture shop/Pods-Furniture shop-frameworks-${CONFIGURATION}-output-files.xcfilelist",
			);
			runOnlyForDeploymentPostprocessing = 0;
			shellPath = /bin/sh;
			shellScript = "\"${PODS_ROOT}/Target Support Files/Pods-Furniture shop/Pods-Furniture shop-frameworks.sh\"\n";
			showEnvVarsInLog = 0;
		};
		2BC347574AC817E40FBA456C /* [CP] Check Pods Manifest.lock */ = {
			isa = PBXShellScriptBuildPhase;
			buildActionMask = 2147483647;
			files = (
			);
			inputFileListPaths = (
			);
			inputPaths = (
				"${PODS_PODFILE_DIR_PATH}/Podfile.lock",
				"${PODS_ROOT}/Manifest.lock",
			);
			name = "[CP] Check Pods Manifest.lock";
			outputFileListPaths = (
			);
			outputPaths = (
				"$(DERIVED_FILE_DIR)/Pods-Furniture shop-checkManifestLockResult.txt",
			);
			runOnlyForDeploymentPostprocessing = 0;
			shellPath = /bin/sh;
			shellScript = "diff \"${PODS_PODFILE_DIR_PATH}/Podfile.lock\" \"${PODS_ROOT}/Manifest.lock\" > /dev/null\nif [ $? != 0 ] ; then\n    # print error to STDERR\n    echo \"error: The sandbox is not in sync with the Podfile.lock. Run 'pod install' or update your CocoaPods installation.\" >&2\n    exit 1\nfi\n# This output is used by Xcode 'outputs' to avoid re-running this script phase.\necho \"SUCCESS\" > \"${SCRIPT_OUTPUT_FILE_0}\"\n";
			showEnvVarsInLog = 0;
		};
/* End PBXShellScriptBuildPhase section */

/* Begin PBXSourcesBuildPhase section */
		79CC6D6C27DF6DF800C44E8C /* Sources */ = {
			isa = PBXSourcesBuildPhase;
			buildActionMask = 2147483647;
			files = (
				79EBBB0B27DF97DD00065B56 /* AuthorizationVC.swift in Sources */,
				79EBBB1627DFA5AC00065B56 /* MainVC.swift in Sources */,
				79EBBAFE27DF71DB00065B56 /* Model.swift in Sources */,
				79EBBB1B27DFA77F00065B56 /* CartVC.swift in Sources */,
				79EBBB1427DFA23F00065B56 /* CodeConfirmationVC.swift in Sources */,
				79EBBB1827DFA74800065B56 /* FavoriteVC.swift in Sources */,
				79EBBB0627DF743100065B56 /* TabBarController.swift in Sources */,
				79EBBB1027DF9E0500065B56 /* TextField.swift in Sources */,
				79EBBB0027DF71E700065B56 /* MockData.swift in Sources */,
				79CC6D7E27DF6DF800C44E8C /* Furniture_shop.xcdatamodeld in Sources */,
				79CC6D7827DF6DF800C44E8C /* ViewController.swift in Sources */,
				79CC6D7427DF6DF800C44E8C /* AppDelegate.swift in Sources */,
				79EBBB1D27DFA78B00065B56 /* ProfileVC.swift in Sources */,
				796797E327F86DC500E08A58 /* Image.swift in Sources */,
				79EBBB0327DF72F100065B56 /* UserDefaults.swift in Sources */,
				79EBBB0927DF75C800065B56 /* IntroductionCell.swift in Sources */,
				79EBBB0E27DF9B2E00065B56 /* AppColor.swift in Sources */,
				79EBBB1227DFA17700065B56 /* Button.swift in Sources */,
				79CC6D7627DF6DF800C44E8C /* SceneDelegate.swift in Sources */,
			);
			runOnlyForDeploymentPostprocessing = 0;
		};
/* End PBXSourcesBuildPhase section */

/* Begin PBXVariantGroup section */
		79CC6D8127DF6DF900C44E8C /* LaunchScreen.storyboard */ = {
			isa = PBXVariantGroup;
			children = (
				79CC6D8227DF6DF900C44E8C /* Base */,
			);
			name = LaunchScreen.storyboard;
			sourceTree = "<group>";
		};
/* End PBXVariantGroup section */

/* Begin XCBuildConfiguration section */
		79CC6D8527DF6DF900C44E8C /* Debug */ = {
			isa = XCBuildConfiguration;
			buildSettings = {
				ALWAYS_SEARCH_USER_PATHS = NO;
				CLANG_ANALYZER_NONNULL = YES;
				CLANG_ANALYZER_NUMBER_OBJECT_CONVERSION = YES_AGGRESSIVE;
				CLANG_CXX_LANGUAGE_STANDARD = "gnu++17";
				CLANG_CXX_LIBRARY = "libc++";
				CLANG_ENABLE_MODULES = YES;
				CLANG_ENABLE_OBJC_ARC = YES;
				CLANG_ENABLE_OBJC_WEAK = YES;
				CLANG_WARN_BLOCK_CAPTURE_AUTORELEASING = YES;
				CLANG_WARN_BOOL_CONVERSION = YES;
				CLANG_WARN_COMMA = YES;
				CLANG_WARN_CONSTANT_CONVERSION = YES;
				CLANG_WARN_DEPRECATED_OBJC_IMPLEMENTATIONS = YES;
				CLANG_WARN_DIRECT_OBJC_ISA_USAGE = YES_ERROR;
				CLANG_WARN_DOCUMENTATION_COMMENTS = YES;
				CLANG_WARN_EMPTY_BODY = YES;
				CLANG_WARN_ENUM_CONVERSION = YES;
				CLANG_WARN_INFINITE_RECURSION = YES;
				CLANG_WARN_INT_CONVERSION = YES;
				CLANG_WARN_NON_LITERAL_NULL_CONVERSION = YES;
				CLANG_WARN_OBJC_IMPLICIT_RETAIN_SELF = YES;
				CLANG_WARN_OBJC_LITERAL_CONVERSION = YES;
				CLANG_WARN_OBJC_ROOT_CLASS = YES_ERROR;
				CLANG_WARN_QUOTED_INCLUDE_IN_FRAMEWORK_HEADER = YES;
				CLANG_WARN_RANGE_LOOP_ANALYSIS = YES;
				CLANG_WARN_STRICT_PROTOTYPES = YES;
				CLANG_WARN_SUSPICIOUS_MOVE = YES;
				CLANG_WARN_UNGUARDED_AVAILABILITY = YES_AGGRESSIVE;
				CLANG_WARN_UNREACHABLE_CODE = YES;
				CLANG_WARN__DUPLICATE_METHOD_MATCH = YES;
				COPY_PHASE_STRIP = NO;
				DEBUG_INFORMATION_FORMAT = dwarf;
				ENABLE_STRICT_OBJC_MSGSEND = YES;
				ENABLE_TESTABILITY = YES;
				GCC_C_LANGUAGE_STANDARD = gnu11;
				GCC_DYNAMIC_NO_PIC = NO;
				GCC_NO_COMMON_BLOCKS = YES;
				GCC_OPTIMIZATION_LEVEL = 0;
				GCC_PREPROCESSOR_DEFINITIONS = (
					"DEBUG=1",
					"$(inherited)",
				);
				GCC_WARN_64_TO_32_BIT_CONVERSION = YES;
				GCC_WARN_ABOUT_RETURN_TYPE = YES_ERROR;
				GCC_WARN_UNDECLARED_SELECTOR = YES;
				GCC_WARN_UNINITIALIZED_AUTOS = YES_AGGRESSIVE;
				GCC_WARN_UNUSED_FUNCTION = YES;
				GCC_WARN_UNUSED_VARIABLE = YES;
				IPHONEOS_DEPLOYMENT_TARGET = 15.2;
				MTL_ENABLE_DEBUG_INFO = INCLUDE_SOURCE;
				MTL_FAST_MATH = YES;
				ONLY_ACTIVE_ARCH = YES;
				SDKROOT = iphoneos;
				SWIFT_ACTIVE_COMPILATION_CONDITIONS = DEBUG;
				SWIFT_OPTIMIZATION_LEVEL = "-Onone";
			};
			name = Debug;
		};
		79CC6D8627DF6DF900C44E8C /* Release */ = {
			isa = XCBuildConfiguration;
			buildSettings = {
				ALWAYS_SEARCH_USER_PATHS = NO;
				CLANG_ANALYZER_NONNULL = YES;
				CLANG_ANALYZER_NUMBER_OBJECT_CONVERSION = YES_AGGRESSIVE;
				CLANG_CXX_LANGUAGE_STANDARD = "gnu++17";
				CLANG_CXX_LIBRARY = "libc++";
				CLANG_ENABLE_MODULES = YES;
				CLANG_ENABLE_OBJC_ARC = YES;
				CLANG_ENABLE_OBJC_WEAK = YES;
				CLANG_WARN_BLOCK_CAPTURE_AUTORELEASING = YES;
				CLANG_WARN_BOOL_CONVERSION = YES;
				CLANG_WARN_COMMA = YES;
				CLANG_WARN_CONSTANT_CONVERSION = YES;
				CLANG_WARN_DEPRECATED_OBJC_IMPLEMENTATIONS = YES;
				CLANG_WARN_DIRECT_OBJC_ISA_USAGE = YES_ERROR;
				CLANG_WARN_DOCUMENTATION_COMMENTS = YES;
				CLANG_WARN_EMPTY_BODY = YES;
				CLANG_WARN_ENUM_CONVERSION = YES;
				CLANG_WARN_INFINITE_RECURSION = YES;
				CLANG_WARN_INT_CONVERSION = YES;
				CLANG_WARN_NON_LITERAL_NULL_CONVERSION = YES;
				CLANG_WARN_OBJC_IMPLICIT_RETAIN_SELF = YES;
				CLANG_WARN_OBJC_LITERAL_CONVERSION = YES;
				CLANG_WARN_OBJC_ROOT_CLASS = YES_ERROR;
				CLANG_WARN_QUOTED_INCLUDE_IN_FRAMEWORK_HEADER = YES;
				CLANG_WARN_RANGE_LOOP_ANALYSIS = YES;
				CLANG_WARN_STRICT_PROTOTYPES = YES;
				CLANG_WARN_SUSPICIOUS_MOVE = YES;
				CLANG_WARN_UNGUARDED_AVAILABILITY = YES_AGGRESSIVE;
				CLANG_WARN_UNREACHABLE_CODE = YES;
				CLANG_WARN__DUPLICATE_METHOD_MATCH = YES;
				COPY_PHASE_STRIP = NO;
				DEBUG_INFORMATION_FORMAT = "dwarf-with-dsym";
				ENABLE_NS_ASSERTIONS = NO;
				ENABLE_STRICT_OBJC_MSGSEND = YES;
				GCC_C_LANGUAGE_STANDARD = gnu11;
				GCC_NO_COMMON_BLOCKS = YES;
				GCC_WARN_64_TO_32_BIT_CONVERSION = YES;
				GCC_WARN_ABOUT_RETURN_TYPE = YES_ERROR;
				GCC_WARN_UNDECLARED_SELECTOR = YES;
				GCC_WARN_UNINITIALIZED_AUTOS = YES_AGGRESSIVE;
				GCC_WARN_UNUSED_FUNCTION = YES;
				GCC_WARN_UNUSED_VARIABLE = YES;
				IPHONEOS_DEPLOYMENT_TARGET = 15.2;
				MTL_ENABLE_DEBUG_INFO = NO;
				MTL_FAST_MATH = YES;
				SDKROOT = iphoneos;
				SWIFT_COMPILATION_MODE = wholemodule;
				SWIFT_OPTIMIZATION_LEVEL = "-O";
				VALIDATE_PRODUCT = YES;
			};
			name = Release;
		};
		79CC6D8827DF6DF900C44E8C /* Debug */ = {
			isa = XCBuildConfiguration;
			baseConfigurationReference = 9E1628C1C879D1E025F981B5 /* Pods-Furniture shop.debug.xcconfig */;
			buildSettings = {
				ASSETCATALOG_COMPILER_APPICON_NAME = AppIcon;
				ASSETCATALOG_COMPILER_GLOBAL_ACCENT_COLOR_NAME = AccentColor;
				CODE_SIGN_STYLE = Automatic;
				CURRENT_PROJECT_VERSION = 1;
				GENERATE_INFOPLIST_FILE = YES;
				INFOPLIST_FILE = "Furniture shop/Info.plist";
				INFOPLIST_KEY_UIApplicationSupportsIndirectInputEvents = YES;
				INFOPLIST_KEY_UILaunchStoryboardName = LaunchScreen;
				INFOPLIST_KEY_UISupportedInterfaceOrientations_iPad = "UIInterfaceOrientationPortrait UIInterfaceOrientationPortraitUpsideDown UIInterfaceOrientationLandscapeLeft UIInterfaceOrientationLandscapeRight";
				INFOPLIST_KEY_UISupportedInterfaceOrientations_iPhone = "UIInterfaceOrientationPortrait UIInterfaceOrientationLandscapeLeft UIInterfaceOrientationLandscapeRight";
				LD_RUNPATH_SEARCH_PATHS = (
					"$(inherited)",
					"@executable_path/Frameworks",
				);
				MARKETING_VERSION = 1.0;
				PRODUCT_BUNDLE_IDENTIFIER = "co.shahzod.Furniture-shop";
				PRODUCT_NAME = "$(TARGET_NAME)";
				SWIFT_EMIT_LOC_STRINGS = YES;
				SWIFT_VERSION = 5.0;
				TARGETED_DEVICE_FAMILY = "1,2";
			};
			name = Debug;
		};
		79CC6D8927DF6DF900C44E8C /* Release */ = {
			isa = XCBuildConfiguration;
			baseConfigurationReference = D7C69689DF4843520FD9C1D1 /* Pods-Furniture shop.release.xcconfig */;
			buildSettings = {
				ASSETCATALOG_COMPILER_APPICON_NAME = AppIcon;
				ASSETCATALOG_COMPILER_GLOBAL_ACCENT_COLOR_NAME = AccentColor;
				CODE_SIGN_STYLE = Automatic;
				CURRENT_PROJECT_VERSION = 1;
				GENERATE_INFOPLIST_FILE = YES;
				INFOPLIST_FILE = "Furniture shop/Info.plist";
				INFOPLIST_KEY_UIApplicationSupportsIndirectInputEvents = YES;
				INFOPLIST_KEY_UILaunchStoryboardName = LaunchScreen;
				INFOPLIST_KEY_UISupportedInterfaceOrientations_iPad = "UIInterfaceOrientationPortrait UIInterfaceOrientationPortraitUpsideDown UIInterfaceOrientationLandscapeLeft UIInterfaceOrientationLandscapeRight";
				INFOPLIST_KEY_UISupportedInterfaceOrientations_iPhone = "UIInterfaceOrientationPortrait UIInterfaceOrientationLandscapeLeft UIInterfaceOrientationLandscapeRight";
				LD_RUNPATH_SEARCH_PATHS = (
					"$(inherited)",
					"@executable_path/Frameworks",
				);
				MARKETING_VERSION = 1.0;
				PRODUCT_BUNDLE_IDENTIFIER = "co.shahzod.Furniture-shop";
				PRODUCT_NAME = "$(TARGET_NAME)";
				SWIFT_EMIT_LOC_STRINGS = YES;
				SWIFT_VERSION = 5.0;
				TARGETED_DEVICE_FAMILY = "1,2";
			};
			name = Release;
		};
/* End XCBuildConfiguration section */

/* Begin XCConfigurationList section */
		79CC6D6B27DF6DF800C44E8C /* Build configuration list for PBXProject "Furniture shop" */ = {
			isa = XCConfigurationList;
			buildConfigurations = (
				79CC6D8527DF6DF900C44E8C /* Debug */,
				79CC6D8627DF6DF900C44E8C /* Release */,
			);
			defaultConfigurationIsVisible = 0;
			defaultConfigurationName = Release;
		};
		79CC6D8727DF6DF900C44E8C /* Build configuration list for PBXNativeTarget "Furniture shop" */ = {
			isa = XCConfigurationList;
			buildConfigurations = (
				79CC6D8827DF6DF900C44E8C /* Debug */,
				79CC6D8927DF6DF900C44E8C /* Release */,
			);
			defaultConfigurationIsVisible = 0;
			defaultConfigurationName = Release;
		};
/* End XCConfigurationList section */

/* Begin XCVersionGroup section */
		79CC6D7C27DF6DF800C44E8C /* Furniture_shop.xcdatamodeld */ = {
			isa = XCVersionGroup;
			children = (
				79CC6D7D27DF6DF800C44E8C /* Furniture_shop.xcdatamodel */,
			);
			currentVersion = 79CC6D7D27DF6DF800C44E8C /* Furniture_shop.xcdatamodel */;
			path = Furniture_shop.xcdatamodeld;
			sourceTree = "<group>";
			versionGroupType = wrapper.xcdatamodel;
		};
/* End XCVersionGroup section */
	};
	rootObject = 79CC6D6827DF6DF800C44E8C /* Project object */;
}
